{
  "nodes": {
    "devshell-flake": {
      "locked": {
        "lastModified": 1632436039,
        "narHash": "sha256-OtITeVWcKXn1SpVEnImpTGH91FycCskGBPqmlxiykv4=",
        "owner": "numtide",
        "repo": "devshell",
        "rev": "7a7a7aa0adebe5488e5abaec688fd9ae0f8ea9c6",
        "type": "github"
      },
      "original": {
        "owner": "numtide",
        "repo": "devshell",
        "type": "github"
      }
    },
    "flake-compat": {
      "flake": false,
      "locked": {
        "lastModified": 1627913399,
        "narHash": "sha256-hY8g6H2KFL8ownSiFeMOjwPC8P0ueXpCVEbxgda3pko=",
        "owner": "edolstra",
        "repo": "flake-compat",
        "rev": "12c64ca55c1014cdc1b16ed5a804aa8576601ff2",
        "type": "github"
      },
      "original": {
        "owner": "edolstra",
        "repo": "flake-compat",
        "type": "github"
      }
    },
    "flake-utils": {
      "locked": {
        "lastModified": 1631561581,
        "narHash": "sha256-3VQMV5zvxaVLvqqUrNz3iJelLw30mIVSfZmAaauM3dA=",
        "owner": "numtide",
        "repo": "flake-utils",
        "rev": "7e5bf3925f6fbdfaf50a2a7ca0be2879c4261d19",
        "type": "github"
      },
      "original": {
        "owner": "numtide",
        "repo": "flake-utils",
        "type": "github"
      }
    },
    "nixpkgs": {
      "locked": {
        "lastModified": 1632852318,
        "narHash": "sha256-IwAGgfmkz3M85YxtX2xyZnQWzT/cKTU3eL9n9S5oG7g=",
        "owner": "nixos",
        "repo": "nixpkgs",
        "rev": "cb3342eec892f912ec2e4ae000b2be4c7ca97f9e",
        "type": "github"
      },
      "original": {
        "owner": "nixos",
        "repo": "nixpkgs",
        "type": "github"
      }
    },
    "root": {
      "inputs": {
        "devshell-flake": "devshell-flake",
        "flake-compat": "flake-compat",
        "flake-utils": "flake-utils",
        "nixpkgs": "nixpkgs"
      }
    }
  },
  "root": "root",
  "version": 7
}
